// !$*UTF8*$!
{
	archiveVersion = 1;
	classes = {
	};
	objectVersion = 56;
	objects = {

/* Begin PBXBuildFile section */
		111440FF29F0A37400DF2DA9 /* AppDelegate.swift in Sources */ = {isa = PBXBuildFile; fileRef = 111440FE29F0A37400DF2DA9 /* AppDelegate.swift */; };
		1114410129F0A37400DF2DA9 /* SceneDelegate.swift in Sources */ = {isa = PBXBuildFile; fileRef = 1114410029F0A37400DF2DA9 /* SceneDelegate.swift */; };
		1114410329F0A37400DF2DA9 /* ViewController.swift in Sources */ = {isa = PBXBuildFile; fileRef = 1114410229F0A37400DF2DA9 /* ViewController.swift */; };
		1114410629F0A37400DF2DA9 /* Main.storyboard in Resources */ = {isa = PBXBuildFile; fileRef = 1114410429F0A37400DF2DA9 /* Main.storyboard */; };
		1114410829F0A37600DF2DA9 /* Assets.xcassets in Resources */ = {isa = PBXBuildFile; fileRef = 1114410729F0A37600DF2DA9 /* Assets.xcassets */; };
		1114410B29F0A37600DF2DA9 /* LaunchScreen.storyboard in Resources */ = {isa = PBXBuildFile; fileRef = 1114410929F0A37600DF2DA9 /* LaunchScreen.storyboard */; };
		11908D5E2A0ADFFA00C62CB6 /* Company.swift in Sources */ = {isa = PBXBuildFile; fileRef = 11908D5D2A0ADFFA00C62CB6 /* Company.swift */; };
		119832822A10396600AF6C7C /* CompaniesController.swift in Sources */ = {isa = PBXBuildFile; fileRef = 119832812A10396600AF6C7C /* CompaniesController.swift */; };
		119C18462A10450B0060F29E /* CompanyCell.swift in Sources */ = {isa = PBXBuildFile; fileRef = 119C18442A10450B0060F29E /* CompanyCell.swift */; };
		119C18472A10450B0060F29E /* CompanyCell.xib in Resources */ = {isa = PBXBuildFile; fileRef = 119C18452A10450B0060F29E /* CompanyCell.xib */; };
		11E6453A2A02162700B6BEB0 /* CreateCompanyController.swift in Sources */ = {isa = PBXBuildFile; fileRef = 11E645392A02162700B6BEB0 /* CreateCompanyController.swift */; };
/* End PBXBuildFile section */

/* Begin PBXFileReference section */
		111440FB29F0A37400DF2DA9 /* iosCircleWgu.app */ = {isa = PBXFileReference; explicitFileType = wrapper.application; includeInIndex = 0; path = iosCircleWgu.app; sourceTree = BUILT_PRODUCTS_DIR; };
		111440FE29F0A37400DF2DA9 /* AppDelegate.swift */ = {isa = PBXFileReference; lastKnownFileType = sourcecode.swift; path = AppDelegate.swift; sourceTree = "<group>"; };
		1114410029F0A37400DF2DA9 /* SceneDelegate.swift */ = {isa = PBXFileReference; lastKnownFileType = sourcecode.swift; path = SceneDelegate.swift; sourceTree = "<group>"; };
		1114410229F0A37400DF2DA9 /* ViewController.swift */ = {isa = PBXFileReference; lastKnownFileType = sourcecode.swift; path = ViewController.swift; sourceTree = "<group>"; };
		1114410529F0A37400DF2DA9 /* Base */ = {isa = PBXFileReference; lastKnownFileType = file.storyboard; name = Base; path = Base.lproj/Main.storyboard; sourceTree = "<group>"; };
		1114410729F0A37600DF2DA9 /* Assets.xcassets */ = {isa = PBXFileReference; lastKnownFileType = folder.assetcatalog; path = Assets.xcassets; sourceTree = "<group>"; };
		1114410A29F0A37600DF2DA9 /* Base */ = {isa = PBXFileReference; lastKnownFileType = file.storyboard; name = Base; path = Base.lproj/LaunchScreen.storyboard; sourceTree = "<group>"; };
		1114410C29F0A37600DF2DA9 /* Info.plist */ = {isa = PBXFileReference; lastKnownFileType = text.plist.xml; path = Info.plist; sourceTree = "<group>"; };
		11908D5D2A0ADFFA00C62CB6 /* Company.swift */ = {isa = PBXFileReference; lastKnownFileType = sourcecode.swift; path = Company.swift; sourceTree = "<group>"; };
		119832812A10396600AF6C7C /* CompaniesController.swift */ = {isa = PBXFileReference; lastKnownFileType = sourcecode.swift; path = CompaniesController.swift; sourceTree = "<group>"; };
		119C18442A10450B0060F29E /* CompanyCell.swift */ = {isa = PBXFileReference; lastKnownFileType = sourcecode.swift; path = CompanyCell.swift; sourceTree = "<group>"; };
		119C18452A10450B0060F29E /* CompanyCell.xib */ = {isa = PBXFileReference; lastKnownFileType = file.xib; path = CompanyCell.xib; sourceTree = "<group>"; };
		11E645392A02162700B6BEB0 /* CreateCompanyController.swift */ = {isa = PBXFileReference; lastKnownFileType = sourcecode.swift; path = CreateCompanyController.swift; sourceTree = "<group>"; };
/* End PBXFileReference section */

/* Begin PBXFrameworksBuildPhase section */
		111440F829F0A37400DF2DA9 /* Frameworks */ = {
			isa = PBXFrameworksBuildPhase;
			buildActionMask = 2147483647;
			files = (
			);
			runOnlyForDeploymentPostprocessing = 0;
		};
/* End PBXFrameworksBuildPhase section */

/* Begin PBXGroup section */
		111440F229F0A37400DF2DA9 = {
			isa = PBXGroup;
			children = (
				111440FD29F0A37400DF2DA9 /* iosCircleWgu */,
				111440FC29F0A37400DF2DA9 /* Products */,
			);
			sourceTree = "<group>";
		};
		111440FC29F0A37400DF2DA9 /* Products */ = {
			isa = PBXGroup;
			children = (
				111440FB29F0A37400DF2DA9 /* iosCircleWgu.app */,
			);
			name = Products;
			sourceTree = "<group>";
		};
		111440FD29F0A37400DF2DA9 /* iosCircleWgu */ = {
			isa = PBXGroup;
			children = (
				111440FE29F0A37400DF2DA9 /* AppDelegate.swift */,
				1114410029F0A37400DF2DA9 /* SceneDelegate.swift */,
				1114410229F0A37400DF2DA9 /* ViewController.swift */,
				1114410429F0A37400DF2DA9 /* Main.storyboard */,
				1114410729F0A37600DF2DA9 /* Assets.xcassets */,
				1114410929F0A37600DF2DA9 /* LaunchScreen.storyboard */,
				1114410C29F0A37600DF2DA9 /* Info.plist */,
				11E645392A02162700B6BEB0 /* CreateCompanyController.swift */,
				11908D5D2A0ADFFA00C62CB6 /* Company.swift */,
				119832812A10396600AF6C7C /* CompaniesController.swift */,
				119C18442A10450B0060F29E /* CompanyCell.swift */,
				119C18452A10450B0060F29E /* CompanyCell.xib */,
			);
			path = iosCircleWgu;
			sourceTree = "<group>";
		};
/* End PBXGroup section */

/* Begin PBXNativeTarget section */
		111440FA29F0A37400DF2DA9 /* iosCircleWgu */ = {
			isa = PBXNativeTarget;
			buildConfigurationList = 1114410F29F0A37600DF2DA9 /* Build configuration list for PBXNativeTarget "iosCircleWgu" */;
			buildPhases = (
				111440F729F0A37400DF2DA9 /* Sources */,
				111440F829F0A37400DF2DA9 /* Frameworks */,
				111440F929F0A37400DF2DA9 /* Resources */,
			);
			buildRules = (
			);
			dependencies = (
			);
			name = iosCircleWgu;
			productName = iosCircleWgu;
			productReference = 111440FB29F0A37400DF2DA9 /* iosCircleWgu.app */;
			productType = "com.apple.product-type.application";
		};
/* End PBXNativeTarget section */

/* Begin PBXProject section */
		111440F329F0A37400DF2DA9 /* Project object */ = {
			isa = PBXProject;
			attributes = {
				BuildIndependentTargetsInParallel = 1;
				LastSwiftUpdateCheck = 1430;
				LastUpgradeCheck = 1430;
				TargetAttributes = {
					111440FA29F0A37400DF2DA9 = {
						CreatedOnToolsVersion = 14.3;
					};
				};
			};
			buildConfigurationList = 111440F629F0A37400DF2DA9 /* Build configuration list for PBXProject "iosCircleWgu" */;
			compatibilityVersion = "Xcode 14.0";
			developmentRegion = en;
			hasScannedForEncodings = 0;
			knownRegions = (
				en,
				Base,
			);
			mainGroup = 111440F229F0A37400DF2DA9;
			productRefGroup = 111440FC29F0A37400DF2DA9 /* Products */;
			projectDirPath = "";
			projectRoot = "";
			targets = (
				111440FA29F0A37400DF2DA9 /* iosCircleWgu */,
			);
		};
/* End PBXProject section */

/* Begin PBXResourcesBuildPhase section */
		111440F929F0A37400DF2DA9 /* Resources */ = {
			isa = PBXResourcesBuildPhase;
			buildActionMask = 2147483647;
			files = (
				1114410B29F0A37600DF2DA9 /* LaunchScreen.storyboard in Resources */,
				1114410829F0A37600DF2DA9 /* Assets.xcassets in Resources */,
				1114410629F0A37400DF2DA9 /* Main.storyboard in Resources */,
				119C18472A10450B0060F29E /* CompanyCell.xib in Resources */,
			);
			runOnlyForDeploymentPostprocessing = 0;
		};
/* End PBXResourcesBuildPhase section */

/* Begin PBXSourcesBuildPhase section */
		111440F729F0A37400DF2DA9 /* Sources */ = {
			isa = PBXSourcesBuildPhase;
			buildActionMask = 2147483647;
			files = (
				11E6453A2A02162700B6BEB0 /* CreateCompanyController.swift in Sources */,
				119832822A10396600AF6C7C /* CompaniesController.swift in Sources */,
				1114410329F0A37400DF2DA9 /* ViewController.swift in Sources */,
				119C18462A10450B0060F29E /* CompanyCell.swift in Sources */,
				111440FF29F0A37400DF2DA9 /* AppDelegate.swift in Sources */,
				1114410129F0A37400DF2DA9 /* SceneDelegate.swift in Sources */,
				11908D5E2A0ADFFA00C62CB6 /* Company.swift in Sources */,
			);
			runOnlyForDeploymentPostprocessing = 0;
		};
/* End PBXSourcesBuildPhase section */

/* Begin PBXVariantGroup section */
		1114410429F0A37400DF2DA9 /* Main.storyboard */ = {
			isa = PBXVariantGroup;
			children = (
				1114410529F0A37400DF2DA9 /* Base */,
			);
			name = Main.storyboard;
			sourceTree = "<group>";
		};
		1114410929F0A37600DF2DA9 /* LaunchScreen.storyboard */ = {
			isa = PBXVariantGroup;
			children = (
				1114410A29F0A37600DF2DA9 /* Base */,
			);
			name = LaunchScreen.storyboard;
			sourceTree = "<group>";
		};
/* End PBXVariantGroup section */

/* Begin XCBuildConfiguration section */
		1114410D29F0A37600DF2DA9 /* Debug */ = {
			isa = XCBuildConfiguration;
			buildSettings = {
				ALWAYS_SEARCH_USER_PATHS = NO;
				CLANG_ANALYZER_NONNULL = YES;
				CLANG_ANALYZER_NUMBER_OBJECT_CONVERSION = YES_AGGRESSIVE;
				CLANG_CXX_LANGUAGE_STANDARD = "gnu++20";
				CLANG_ENABLE_MODULES = YES;
				CLANG_ENABLE_OBJC_ARC = YES;
				CLANG_ENABLE_OBJC_WEAK = YES;
				CLANG_WARN_BLOCK_CAPTURE_AUTORELEASING = YES;
				CLANG_WARN_BOOL_CONVERSION = YES;
				CLANG_WARN_COMMA = YES;
				CLANG_WARN_CONSTANT_CONVERSION = YES;
				CLANG_WARN_DEPRECATED_OBJC_IMPLEMENTATIONS = YES;
				CLANG_WARN_DIRECT_OBJC_ISA_USAGE = YES_ERROR;
				CLANG_WARN_DOCUMENTATION_COMMENTS = YES;
				CLANG_WARN_EMPTY_BODY = YES;
				CLANG_WARN_ENUM_CONVERSION = YES;
				CLANG_WARN_INFINITE_RECURSION = YES;
				CLANG_WARN_INT_CONVERSION = YES;
				CLANG_WARN_NON_LITERAL_NULL_CONVERSION = YES;
				CLANG_WARN_OBJC_IMPLICIT_RETAIN_SELF = YES;
				CLANG_WARN_OBJC_LITERAL_CONVERSION = YES;
				CLANG_WARN_OBJC_ROOT_CLASS = YES_ERROR;
				CLANG_WARN_QUOTED_INCLUDE_IN_FRAMEWORK_HEADER = YES;
				CLANG_WARN_RANGE_LOOP_ANALYSIS = YES;
				CLANG_WARN_STRICT_PROTOTYPES = YES;
				CLANG_WARN_SUSPICIOUS_MOVE = YES;
				CLANG_WARN_UNGUARDED_AVAILABILITY = YES_AGGRESSIVE;
				CLANG_WARN_UNREACHABLE_CODE = YES;
				CLANG_WARN__DUPLICATE_METHOD_MATCH = YES;
				COPY_PHASE_STRIP = NO;
				DEBUG_INFORMATION_FORMAT = dwarf;
				ENABLE_STRICT_OBJC_MSGSEND = YES;
				ENABLE_TESTABILITY = YES;
				GCC_C_LANGUAGE_STANDARD = gnu11;
				GCC_DYNAMIC_NO_PIC = NO;
				GCC_NO_COMMON_BLOCKS = YES;
				GCC_OPTIMIZATION_LEVEL = 0;
				GCC_PREPROCESSOR_DEFINITIONS = (
					"DEBUG=1",
					"$(inherited)",
				);
				GCC_WARN_64_TO_32_BIT_CONVERSION = YES;
				GCC_WARN_ABOUT_RETURN_TYPE = YES_ERROR;
				GCC_WARN_UNDECLARED_SELECTOR = YES;
				GCC_WARN_UNINITIALIZED_AUTOS = YES_AGGRESSIVE;
				GCC_WARN_UNUSED_FUNCTION = YES;
				GCC_WARN_UNUSED_VARIABLE = YES;
				IPHONEOS_DEPLOYMENT_TARGET = 16.4;
				MTL_ENABLE_DEBUG_INFO = INCLUDE_SOURCE;
				MTL_FAST_MATH = YES;
				ONLY_ACTIVE_ARCH = YES;
				SDKROOT = iphoneos;
				SWIFT_ACTIVE_COMPILATION_CONDITIONS = DEBUG;
				SWIFT_OPTIMIZATION_LEVEL = "-Onone";
			};
			name = Debug;
		};
		1114410E29F0A37600DF2DA9 /* Release */ = {
			isa = XCBuildConfiguration;
			buildSettings = {
				ALWAYS_SEARCH_USER_PATHS = NO;
				CLANG_ANALYZER_NONNULL = YES;
				CLANG_ANALYZER_NUMBER_OBJECT_CONVERSION = YES_AGGRESSIVE;
				CLANG_CXX_LANGUAGE_STANDARD = "gnu++20";
				CLANG_ENABLE_MODULES = YES;
				CLANG_ENABLE_OBJC_ARC = YES;
				CLANG_ENABLE_OBJC_WEAK = YES;
				CLANG_WARN_BLOCK_CAPTURE_AUTORELEASING = YES;
				CLANG_WARN_BOOL_CONVERSION = YES;
				CLANG_WARN_COMMA = YES;
				CLANG_WARN_CONSTANT_CONVERSION = YES;
				CLANG_WARN_DEPRECATED_OBJC_IMPLEMENTATIONS = YES;
				CLANG_WARN_DIRECT_OBJC_ISA_USAGE = YES_ERROR;
				CLANG_WARN_DOCUMENTATION_COMMENTS = YES;
				CLANG_WARN_EMPTY_BODY = YES;
				CLANG_WARN_ENUM_CONVERSION = YES;
				CLANG_WARN_INFINITE_RECURSION = YES;
				CLANG_WARN_INT_CONVERSION = YES;
				CLANG_WARN_NON_LITERAL_NULL_CONVERSION = YES;
				CLANG_WARN_OBJC_IMPLICIT_RETAIN_SELF = YES;
				CLANG_WARN_OBJC_LITERAL_CONVERSION = YES;
				CLANG_WARN_OBJC_ROOT_CLASS = YES_ERROR;
				CLANG_WARN_QUOTED_INCLUDE_IN_FRAMEWORK_HEADER = YES;
				CLANG_WARN_RANGE_LOOP_ANALYSIS = YES;
				CLANG_WARN_STRICT_PROTOTYPES = YES;
				CLANG_WARN_SUSPICIOUS_MOVE = YES;
				CLANG_WARN_UNGUARDED_AVAILABILITY = YES_AGGRESSIVE;
				CLANG_WARN_UNREACHABLE_CODE = YES;
				CLANG_WARN__DUPLICATE_METHOD_MATCH = YES;
				COPY_PHASE_STRIP = NO;
				DEBUG_INFORMATION_FORMAT = "dwarf-with-dsym";
				ENABLE_NS_ASSERTIONS = NO;
				ENABLE_STRICT_OBJC_MSGSEND = YES;
				GCC_C_LANGUAGE_STANDARD = gnu11;
				GCC_NO_COMMON_BLOCKS = YES;
				GCC_WARN_64_TO_32_BIT_CONVERSION = YES;
				GCC_WARN_ABOUT_RETURN_TYPE = YES_ERROR;
				GCC_WARN_UNDECLARED_SELECTOR = YES;
				GCC_WARN_UNINITIALIZED_AUTOS = YES_AGGRESSIVE;
				GCC_WARN_UNUSED_FUNCTION = YES;
				GCC_WARN_UNUSED_VARIABLE = YES;
				IPHONEOS_DEPLOYMENT_TARGET = 16.4;
				MTL_ENABLE_DEBUG_INFO = NO;
				MTL_FAST_MATH = YES;
				SDKROOT = iphoneos;
				SWIFT_COMPILATION_MODE = wholemodule;
				SWIFT_OPTIMIZATION_LEVEL = "-O";
				VALIDATE_PRODUCT = YES;
			};
			name = Release;
		};
		1114411029F0A37600DF2DA9 /* Debug */ = {
			isa = XCBuildConfiguration;
			buildSettings = {
				ASSETCATALOG_COMPILER_APPICON_NAME = AppIcon;
				ASSETCATALOG_COMPILER_GLOBAL_ACCENT_COLOR_NAME = AccentColor;
				CODE_SIGN_STYLE = Automatic;
				CURRENT_PROJECT_VERSION = 1;
				DEVELOPMENT_TEAM = 4J79Z79X4B;
				GENERATE_INFOPLIST_FILE = YES;
				INFOPLIST_FILE = iosCircleWgu/Info.plist;
				INFOPLIST_KEY_UIApplicationSupportsIndirectInputEvents = YES;
				INFOPLIST_KEY_UILaunchStoryboardName = LaunchScreen;
				INFOPLIST_KEY_UIMainStoryboardFile = Main;
				INFOPLIST_KEY_UISupportedInterfaceOrientations_iPad = "UIInterfaceOrientationPortrait UIInterfaceOrientationPortraitUpsideDown UIInterfaceOrientationLandscapeLeft UIInterfaceOrientationLandscapeRight";
				INFOPLIST_KEY_UISupportedInterfaceOrientations_iPhone = "UIInterfaceOrientationPortrait UIInterfaceOrientationLandscapeLeft UIInterfaceOrientationLandscapeRight";
				LD_RUNPATH_SEARCH_PATHS = (
					"$(inherited)",
					"@executable_path/Frameworks",
				);
				MARKETING_VERSION = 1.0;
				PRODUCT_BUNDLE_IDENTIFIER = "course-ios.iosCircleWgu";
				PRODUCT_NAME = "$(TARGET_NAME)";
				SWIFT_EMIT_LOC_STRINGS = YES;
				SWIFT_VERSION = 5.0;
				TARGETED_DEVICE_FAMILY = "1,2";
			};
			name = Debug;
		};
		1114411129F0A37600DF2DA9 /* Release */ = {
			isa = XCBuildConfiguration;
			buildSettings = {
				ASSETCATALOG_COMPILER_APPICON_NAME = AppIcon;
				ASSETCATALOG_COMPILER_GLOBAL_ACCENT_COLOR_NAME = AccentColor;
				CODE_SIGN_STYLE = Automatic;
				CURRENT_PROJECT_VERSION = 1;
				DEVELOPMENT_TEAM = 4J79Z79X4B;
				GENERATE_INFOPLIST_FILE = YES;
				INFOPLIST_FILE = iosCircleWgu/Info.plist;
				INFOPLIST_KEY_UIApplicationSupportsIndirectInputEvents = YES;
				INFOPLIST_KEY_UILaunchStoryboardName = LaunchScreen;
				INFOPLIST_KEY_UIMainStoryboardFile = Main;
				INFOPLIST_KEY_UISupportedInterfaceOrientations_iPad = "UIInterfaceOrientationPortrait UIInterfaceOrientationPortraitUpsideDown UIInterfaceOrientationLandscapeLeft UIInterfaceOrientationLandscapeRight";
				INFOPLIST_KEY_UISupportedInterfaceOrientations_iPhone = "UIInterfaceOrientationPortrait UIInterfaceOrientationLandscapeLeft UIInterfaceOrientationLandscapeRight";
				LD_RUNPATH_SEARCH_PATHS = (
					"$(inherited)",
					"@executable_path/Frameworks",
				);
				MARKETING_VERSION = 1.0;
				PRODUCT_BUNDLE_IDENTIFIER = "course-ios.iosCircleWgu";
				PRODUCT_NAME = "$(TARGET_NAME)";
				SWIFT_EMIT_LOC_STRINGS = YES;
				SWIFT_VERSION = 5.0;
				TARGETED_DEVICE_FAMILY = "1,2";
			};
			name = Release;
		};
/* End XCBuildConfiguration section */

/* Begin XCConfigurationList section */
		111440F629F0A37400DF2DA9 /* Build configuration list for PBXProject "iosCircleWgu" */ = {
			isa = XCConfigurationList;
			buildConfigurations = (
				1114410D29F0A37600DF2DA9 /* Debug */,
				1114410E29F0A37600DF2DA9 /* Release */,
			);
			defaultConfigurationIsVisible = 0;
			defaultConfigurationName = Release;
		};
		1114410F29F0A37600DF2DA9 /* Build configuration list for PBXNativeTarget "iosCircleWgu" */ = {
			isa = XCConfigurationList;
			buildConfigurations = (
				1114411029F0A37600DF2DA9 /* Debug */,
				1114411129F0A37600DF2DA9 /* Release */,
			);
			defaultConfigurationIsVisible = 0;
			defaultConfigurationName = Release;
		};
/* End XCConfigurationList section */
	};
	rootObject = 111440F329F0A37400DF2DA9 /* Project object */;
}
